<?xml version="1.0" encoding="utf-8"?>
<Project ToolsVersion="4.0" xmlns="http://schemas.microsoft.com/developer/msbuild/2003">
  <ItemGroup>
    <Filter Include="源文件">
      <UniqueIdentifier>{4FC737F1-C7A5-4376-A066-2A32D752A2FF}</UniqueIdentifier>
      <Extensions>cpp;c;cc;cxx;def;odl;idl;hpj;bat;asm;asmx</Extensions>
    </Filter>
    <Filter Include="资源文件">
      <UniqueIdentifier>{67DA6AB6-F800-4c08-8B7A-83BB121AAD01}</UniqueIdentifier>
      <Extensions>rc;ico;cur;bmp;dlg;rc2;rct;bin;rgs;gif;jpg;jpeg;jpe;resx;tiff;tif;png;wav;mfcribbon-ms</Extensions>
    </Filter>
    <Filter Include="源文件\md5">
      <UniqueIdentifier>{0ae87e36-b2c8-4888-924a-01df80afca9a}</UniqueIdentifier>
    </Filter>
    <Filter Include="源文件\base">
      <UniqueIdentifier>{7a2be6b8-ca43-4d02-9bca-ab6e669266a1}</UniqueIdentifier>
    </Filter>
    <Filter Include="源文件\fileutils">
      <UniqueIdentifier>{30024dee-b5b2-4136-b766-9db1131d80e1}</UniqueIdentifier>
    </Filter>
    <Filter Include="源文件\timeprofiler">
      <UniqueIdentifier>{32e62e8d-16cb-4be4-8aa7-0514a8064c5a}</UniqueIdentifier>
    </Filter>
    <Filter Include="源文件\stringutils">
      <UniqueIdentifier>{1b229fe9-0850-4f57-95ed-202754fde74e}</UniqueIdentifier>
    </Filter>
  </ItemGroup>
  <ItemGroup>
    <ClInclude Include="md5\md5.h">
      <Filter>源文件\md5</Filter>
    </ClInclude>
    <ClInclude Include="md5\MD5Utils.h">
      <Filter>源文件\md5</Filter>
    </ClInclude>
    <ClInclude Include="base\define.h">
      <Filter>源文件\base</Filter>
    </ClInclude>
    <ClInclude Include="base\PtrHelper.h">
      <Filter>源文件\base</Filter>
    </ClInclude>
    <ClInclude Include="fileutils\FileUtils.h">
      <Filter>源文件\fileutils</Filter>
    </ClInclude>
    <ClInclude Include="timeprofiler\TimeProfiler.h">
      <Filter>源文件\timeprofiler</Filter>
    </ClInclude>
    <ClInclude Include="stringutils\stringutils.h">
      <Filter>源文件\stringutils</Filter>
    </ClInclude>
  </ItemGroup>
  <ItemGroup>
    <ClCompile Include="test.cpp">
      <Filter>源文件</Filter>
    </ClCompile>
    <ClCompile Include="md5\MD5Utils.cpp">
      <Filter>源文件\md5</Filter>
    </ClCompile>
    <ClCompile Include="fileutils\FileUtils.cpp">
      <Filter>源文件\fileutils</Filter>
    </ClCompile>
    <ClCompile Include="timeprofiler\TimerProfiler.cpp">
      <Filter>源文件\timeprofiler</Filter>
    </ClCompile>
    <ClCompile Include="stringutils\stringutils.cpp">
      <Filter>源文件\stringutils</Filter>
    </ClCompile>
  </ItemGroup>
  <ItemGroup>
    <Text Include="todolist.txt">
      <Filter>资源文件</Filter>
    </Text>
  </ItemGroup>
</Project>